// !$*UTF8*$!
{
	archiveVersion = 1;
	classes = {
	};
	objectVersion = 46;
	objects = {

/* Begin PBXBuildFile section */
		0E6E9E73AA7945A9BF24A7FD /* libPods.a in Frameworks */ = {isa = PBXBuildFile; fileRef = 77EDF277B28C486DA5ABEFA2 /* libPods.a */; };
		1F95C1C018D5E4D7005279D4 /* RSSReader.xcdatamodeld in Sources */ = {isa = PBXBuildFile; fileRef = 1F95C1BE18D5E4D7005279D4 /* RSSReader.xcdatamodeld */; };
		1F95C1D018D5E89A005279D4 /* Feed+Create.m in Sources */ = {isa = PBXBuildFile; fileRef = 1F95C1CF18D5E89A005279D4 /* Feed+Create.m */; };
		1F95C1D318D5F0DA005279D4 /* Story+Create.m in Sources */ = {isa = PBXBuildFile; fileRef = 1F95C1D218D5F0DA005279D4 /* Story+Create.m */; };
		1F95C1D618D887FC005279D4 /* CoreDataTableViewController.m in Sources */ = {isa = PBXBuildFile; fileRef = 1F95C1D518D887FC005279D4 /* CoreDataTableViewController.m */; };
		1FA7AB6818E81AE400891861 /* RSSStoryListCell.m in Sources */ = {isa = PBXBuildFile; fileRef = 1FA7AB6718E81AE400891861 /* RSSStoryListCell.m */; };
		1FD2106218CAAE80006B7B4C /* Foundation.framework in Frameworks */ = {isa = PBXBuildFile; fileRef = 1FD2106118CAAE80006B7B4C /* Foundation.framework */; };
		1FD2106418CAAE80006B7B4C /* CoreGraphics.framework in Frameworks */ = {isa = PBXBuildFile; fileRef = 1FD2106318CAAE80006B7B4C /* CoreGraphics.framework */; };
		1FD2106618CAAE80006B7B4C /* UIKit.framework in Frameworks */ = {isa = PBXBuildFile; fileRef = 1FD2106518CAAE80006B7B4C /* UIKit.framework */; };
		1FD2106C18CAAE80006B7B4C /* InfoPlist.strings in Resources */ = {isa = PBXBuildFile; fileRef = 1FD2106A18CAAE80006B7B4C /* InfoPlist.strings */; };
		1FD2106E18CAAE80006B7B4C /* main.m in Sources */ = {isa = PBXBuildFile; fileRef = 1FD2106D18CAAE80006B7B4C /* main.m */; };
		1FD2107218CAAE80006B7B4C /* RSSAppDelegate.m in Sources */ = {isa = PBXBuildFile; fileRef = 1FD2107118CAAE80006B7B4C /* RSSAppDelegate.m */; };
		1FD2107518CAAE80006B7B4C /* Main.storyboard in Resources */ = {isa = PBXBuildFile; fileRef = 1FD2107318CAAE80006B7B4C /* Main.storyboard */; };
		1FD2107A18CAAE80006B7B4C /* Images.xcassets in Resources */ = {isa = PBXBuildFile; fileRef = 1FD2107918CAAE80006B7B4C /* Images.xcassets */; };
		1FD2108118CAAE80006B7B4C /* XCTest.framework in Frameworks */ = {isa = PBXBuildFile; fileRef = 1FD2108018CAAE80006B7B4C /* XCTest.framework */; };
		1FD2108218CAAE80006B7B4C /* Foundation.framework in Frameworks */ = {isa = PBXBuildFile; fileRef = 1FD2106118CAAE80006B7B4C /* Foundation.framework */; };
		1FD2108318CAAE80006B7B4C /* UIKit.framework in Frameworks */ = {isa = PBXBuildFile; fileRef = 1FD2106518CAAE80006B7B4C /* UIKit.framework */; };
		1FD2108B18CAAE81006B7B4C /* InfoPlist.strings in Resources */ = {isa = PBXBuildFile; fileRef = 1FD2108918CAAE81006B7B4C /* InfoPlist.strings */; };
		1FD2108D18CAAE81006B7B4C /* RSSReaderTests.m in Sources */ = {isa = PBXBuildFile; fileRef = 1FD2108C18CAAE81006B7B4C /* RSSReaderTests.m */; };
		1FD2109818CAAF19006B7B4C /* RSSFeedListViewController.m in Sources */ = {isa = PBXBuildFile; fileRef = 1FD2109718CAAF19006B7B4C /* RSSFeedListViewController.m */; };
		1FD2109B18CAB15A006B7B4C /* RSSStoryListViewController.m in Sources */ = {isa = PBXBuildFile; fileRef = 1FD2109A18CAB15A006B7B4C /* RSSStoryListViewController.m */; };
		1FD210A418CAE680006B7B4C /* RSSStoryWebViewController.m in Sources */ = {isa = PBXBuildFile; fileRef = 1FD210A318CAE680006B7B4C /* RSSStoryWebViewController.m */; };
		1FD210A718CAEE1F006B7B4C /* RSSAddFeedViewController.m in Sources */ = {isa = PBXBuildFile; fileRef = 1FD210A618CAEE1F006B7B4C /* RSSAddFeedViewController.m */; };
		956E051318F8AA8C00253B40 /* RSSFeedParser.m in Sources */ = {isa = PBXBuildFile; fileRef = 956E051218F8AA8C00253B40 /* RSSFeedParser.m */; };
		956E051618F8C6D700253B40 /* Feed.m in Sources */ = {isa = PBXBuildFile; fileRef = 956E051518F8C6D700253B40 /* Feed.m */; };
		956E051918F8C6D800253B40 /* Story.m in Sources */ = {isa = PBXBuildFile; fileRef = 956E051818F8C6D800253B40 /* Story.m */; };
		956E051C18F8DF6500253B40 /* RSSFeedFetcher.m in Sources */ = {isa = PBXBuildFile; fileRef = 956E051B18F8DF6500253B40 /* RSSFeedFetcher.m */; };
		956E052218F8E6EB00253B40 /* RSSViewUtilites.m in Sources */ = {isa = PBXBuildFile; fileRef = 956E052118F8E6EB00253B40 /* RSSViewUtilites.m */; };
		9586AE7718F43D4C00942D6A /* RSSImageToDataTransformer.m in Sources */ = {isa = PBXBuildFile; fileRef = 9586AE7618F43D4C00942D6A /* RSSImageToDataTransformer.m */; };
		95966E1118EFABEB00D66B1D /* UINavigationWithProgressViewController.m in Sources */ = {isa = PBXBuildFile; fileRef = 95966E1018EFABEB00D66B1D /* UINavigationWithProgressViewController.m */; };
/* End PBXBuildFile section */

/* Begin PBXContainerItemProxy section */
		1FD2108418CAAE80006B7B4C /* PBXContainerItemProxy */ = {
			isa = PBXContainerItemProxy;
			containerPortal = 1FD2105618CAAE80006B7B4C /* Project object */;
			proxyType = 1;
			remoteGlobalIDString = 1FD2105D18CAAE80006B7B4C;
			remoteInfo = RSSReader;
		};
/* End PBXContainerItemProxy section */

/* Begin PBXFileReference section */
		1F95C1BF18D5E4D7005279D4 /* RSSReader.xcdatamodel */ = {isa = PBXFileReference; lastKnownFileType = wrapper.xcdatamodel; path = RSSReader.xcdatamodel; sourceTree = "<group>"; };
		1F95C1CE18D5E89A005279D4 /* Feed+Create.h */ = {isa = PBXFileReference; fileEncoding = 4; lastKnownFileType = sourcecode.c.h; path = "Feed+Create.h"; sourceTree = "<group>"; };
		1F95C1CF18D5E89A005279D4 /* Feed+Create.m */ = {isa = PBXFileReference; fileEncoding = 4; lastKnownFileType = sourcecode.c.objc; path = "Feed+Create.m"; sourceTree = "<group>"; };
		1F95C1D118D5F0DA005279D4 /* Story+Create.h */ = {isa = PBXFileReference; fileEncoding = 4; lastKnownFileType = sourcecode.c.h; path = "Story+Create.h"; sourceTree = "<group>"; };
		1F95C1D218D5F0DA005279D4 /* Story+Create.m */ = {isa = PBXFileReference; fileEncoding = 4; lastKnownFileType = sourcecode.c.objc; path = "Story+Create.m"; sourceTree = "<group>"; };
		1F95C1D418D887FC005279D4 /* CoreDataTableViewController.h */ = {isa = PBXFileReference; fileEncoding = 4; lastKnownFileType = sourcecode.c.h; path = CoreDataTableViewController.h; sourceTree = "<group>"; };
		1F95C1D518D887FC005279D4 /* CoreDataTableViewController.m */ = {isa = PBXFileReference; fileEncoding = 4; lastKnownFileType = sourcecode.c.objc; path = CoreDataTableViewController.m; sourceTree = "<group>"; };
		1FA7AB6618E81AE400891861 /* RSSStoryListCell.h */ = {isa = PBXFileReference; fileEncoding = 4; lastKnownFileType = sourcecode.c.h; path = RSSStoryListCell.h; sourceTree = "<group>"; };
		1FA7AB6718E81AE400891861 /* RSSStoryListCell.m */ = {isa = PBXFileReference; fileEncoding = 4; lastKnownFileType = sourcecode.c.objc; path = RSSStoryListCell.m; sourceTree = "<group>"; };
		1FD2105E18CAAE80006B7B4C /* RSSReader.app */ = {isa = PBXFileReference; explicitFileType = wrapper.application; includeInIndex = 0; path = RSSReader.app; sourceTree = BUILT_PRODUCTS_DIR; };
		1FD2106118CAAE80006B7B4C /* Foundation.framework */ = {isa = PBXFileReference; lastKnownFileType = wrapper.framework; name = Foundation.framework; path = System/Library/Frameworks/Foundation.framework; sourceTree = SDKROOT; };
		1FD2106318CAAE80006B7B4C /* CoreGraphics.framework */ = {isa = PBXFileReference; lastKnownFileType = wrapper.framework; name = CoreGraphics.framework; path = System/Library/Frameworks/CoreGraphics.framework; sourceTree = SDKROOT; };
		1FD2106518CAAE80006B7B4C /* UIKit.framework */ = {isa = PBXFileReference; lastKnownFileType = wrapper.framework; name = UIKit.framework; path = System/Library/Frameworks/UIKit.framework; sourceTree = SDKROOT; };
		1FD2106918CAAE80006B7B4C /* RSSReader-Info.plist */ = {isa = PBXFileReference; lastKnownFileType = text.plist.xml; path = "RSSReader-Info.plist"; sourceTree = "<group>"; };
		1FD2106B18CAAE80006B7B4C /* en */ = {isa = PBXFileReference; lastKnownFileType = text.plist.strings; name = en; path = en.lproj/InfoPlist.strings; sourceTree = "<group>"; };
		1FD2106D18CAAE80006B7B4C /* main.m */ = {isa = PBXFileReference; lastKnownFileType = sourcecode.c.objc; path = main.m; sourceTree = "<group>"; };
		1FD2106F18CAAE80006B7B4C /* RSSReader-Prefix.pch */ = {isa = PBXFileReference; lastKnownFileType = sourcecode.c.h; path = "RSSReader-Prefix.pch"; sourceTree = "<group>"; };
		1FD2107018CAAE80006B7B4C /* RSSAppDelegate.h */ = {isa = PBXFileReference; lastKnownFileType = sourcecode.c.h; path = RSSAppDelegate.h; sourceTree = "<group>"; };
		1FD2107118CAAE80006B7B4C /* RSSAppDelegate.m */ = {isa = PBXFileReference; lastKnownFileType = sourcecode.c.objc; path = RSSAppDelegate.m; sourceTree = "<group>"; };
		1FD2107418CAAE80006B7B4C /* Base */ = {isa = PBXFileReference; lastKnownFileType = file.storyboard; name = Base; path = Base.lproj/Main.storyboard; sourceTree = "<group>"; };
		1FD2107918CAAE80006B7B4C /* Images.xcassets */ = {isa = PBXFileReference; lastKnownFileType = folder.assetcatalog; path = Images.xcassets; sourceTree = "<group>"; };
		1FD2107F18CAAE80006B7B4C /* RSSReaderTests.xctest */ = {isa = PBXFileReference; explicitFileType = wrapper.cfbundle; includeInIndex = 0; path = RSSReaderTests.xctest; sourceTree = BUILT_PRODUCTS_DIR; };
		1FD2108018CAAE80006B7B4C /* XCTest.framework */ = {isa = PBXFileReference; lastKnownFileType = wrapper.framework; name = XCTest.framework; path = Library/Frameworks/XCTest.framework; sourceTree = DEVELOPER_DIR; };
		1FD2108818CAAE81006B7B4C /* RSSReaderTests-Info.plist */ = {isa = PBXFileReference; lastKnownFileType = text.plist.xml; path = "RSSReaderTests-Info.plist"; sourceTree = "<group>"; };
		1FD2108A18CAAE81006B7B4C /* en */ = {isa = PBXFileReference; lastKnownFileType = text.plist.strings; name = en; path = en.lproj/InfoPlist.strings; sourceTree = "<group>"; };
		1FD2108C18CAAE81006B7B4C /* RSSReaderTests.m */ = {isa = PBXFileReference; lastKnownFileType = sourcecode.c.objc; path = RSSReaderTests.m; sourceTree = "<group>"; };
		1FD2109618CAAF19006B7B4C /* RSSFeedListViewController.h */ = {isa = PBXFileReference; fileEncoding = 4; lastKnownFileType = sourcecode.c.h; path = RSSFeedListViewController.h; sourceTree = "<group>"; };
		1FD2109718CAAF19006B7B4C /* RSSFeedListViewController.m */ = {isa = PBXFileReference; fileEncoding = 4; lastKnownFileType = sourcecode.c.objc; path = RSSFeedListViewController.m; sourceTree = "<group>"; };
		1FD2109918CAB15A006B7B4C /* RSSStoryListViewController.h */ = {isa = PBXFileReference; fileEncoding = 4; lastKnownFileType = sourcecode.c.h; path = RSSStoryListViewController.h; sourceTree = "<group>"; };
		1FD2109A18CAB15A006B7B4C /* RSSStoryListViewController.m */ = {isa = PBXFileReference; fileEncoding = 4; lastKnownFileType = sourcecode.c.objc; path = RSSStoryListViewController.m; sourceTree = "<group>"; };
		1FD210A218CAE680006B7B4C /* RSSStoryWebViewController.h */ = {isa = PBXFileReference; fileEncoding = 4; lastKnownFileType = sourcecode.c.h; path = RSSStoryWebViewController.h; sourceTree = "<group>"; };
		1FD210A318CAE680006B7B4C /* RSSStoryWebViewController.m */ = {isa = PBXFileReference; fileEncoding = 4; lastKnownFileType = sourcecode.c.objc; path = RSSStoryWebViewController.m; sourceTree = "<group>"; };
		1FD210A518CAEE1F006B7B4C /* RSSAddFeedViewController.h */ = {isa = PBXFileReference; fileEncoding = 4; lastKnownFileType = sourcecode.c.h; path = RSSAddFeedViewController.h; sourceTree = "<group>"; };
		1FD210A618CAEE1F006B7B4C /* RSSAddFeedViewController.m */ = {isa = PBXFileReference; fileEncoding = 4; lastKnownFileType = sourcecode.c.objc; path = RSSAddFeedViewController.m; sourceTree = "<group>"; };
		515676B71AC0466D9C2E862D /* Pods.xcconfig */ = {isa = PBXFileReference; includeInIndex = 1; lastKnownFileType = text.xcconfig; name = Pods.xcconfig; path = Pods/Pods.xcconfig; sourceTree = "<group>"; };
		77EDF277B28C486DA5ABEFA2 /* libPods.a */ = {isa = PBXFileReference; explicitFileType = archive.ar; includeInIndex = 0; path = libPods.a; sourceTree = BUILT_PRODUCTS_DIR; };
		956E051118F8AA8C00253B40 /* RSSFeedParser.h */ = {isa = PBXFileReference; fileEncoding = 4; lastKnownFileType = sourcecode.c.h; path = RSSFeedParser.h; sourceTree = "<group>"; };
		956E051218F8AA8C00253B40 /* RSSFeedParser.m */ = {isa = PBXFileReference; fileEncoding = 4; lastKnownFileType = sourcecode.c.objc; path = RSSFeedParser.m; sourceTree = "<group>"; };
		956E051418F8C6D700253B40 /* Feed.h */ = {isa = PBXFileReference; fileEncoding = 4; lastKnownFileType = sourcecode.c.h; path = Feed.h; sourceTree = "<group>"; };
		956E051518F8C6D700253B40 /* Feed.m */ = {isa = PBXFileReference; fileEncoding = 4; lastKnownFileType = sourcecode.c.objc; path = Feed.m; sourceTree = "<group>"; };
		956E051718F8C6D800253B40 /* Story.h */ = {isa = PBXFileReference; fileEncoding = 4; lastKnownFileType = sourcecode.c.h; path = Story.h; sourceTree = "<group>"; };
		956E051818F8C6D800253B40 /* Story.m */ = {isa = PBXFileReference; fileEncoding = 4; lastKnownFileType = sourcecode.c.objc; path = Story.m; sourceTree = "<group>"; };
		956E051A18F8DF6500253B40 /* RSSFeedFetcher.h */ = {isa = PBXFileReference; fileEncoding = 4; lastKnownFileType = sourcecode.c.h; path = RSSFeedFetcher.h; sourceTree = "<group>"; };
		956E051B18F8DF6500253B40 /* RSSFeedFetcher.m */ = {isa = PBXFileReference; fileEncoding = 4; lastKnownFileType = sourcecode.c.objc; path = RSSFeedFetcher.m; sourceTree = "<group>"; };
		956E052018F8E6EB00253B40 /* RSSViewUtilites.h */ = {isa = PBXFileReference; fileEncoding = 4; lastKnownFileType = sourcecode.c.h; path = RSSViewUtilites.h; sourceTree = "<group>"; };
		956E052118F8E6EB00253B40 /* RSSViewUtilites.m */ = {isa = PBXFileReference; fileEncoding = 4; lastKnownFileType = sourcecode.c.objc; path = RSSViewUtilites.m; sourceTree = "<group>"; };
		9586AE7518F43D4C00942D6A /* RSSImageToDataTransformer.h */ = {isa = PBXFileReference; fileEncoding = 4; lastKnownFileType = sourcecode.c.h; path = RSSImageToDataTransformer.h; sourceTree = "<group>"; };
		9586AE7618F43D4C00942D6A /* RSSImageToDataTransformer.m */ = {isa = PBXFileReference; fileEncoding = 4; lastKnownFileType = sourcecode.c.objc; path = RSSImageToDataTransformer.m; sourceTree = "<group>"; };
		95966E0F18EFABEB00D66B1D /* UINavigationWithProgressViewController.h */ = {isa = PBXFileReference; fileEncoding = 4; lastKnownFileType = sourcecode.c.h; path = UINavigationWithProgressViewController.h; sourceTree = "<group>"; };
		95966E1018EFABEB00D66B1D /* UINavigationWithProgressViewController.m */ = {isa = PBXFileReference; fileEncoding = 4; lastKnownFileType = sourcecode.c.objc; path = UINavigationWithProgressViewController.m; sourceTree = "<group>"; };
/* End PBXFileReference section */

/* Begin PBXFrameworksBuildPhase section */
		1FD2105B18CAAE80006B7B4C /* Frameworks */ = {
			isa = PBXFrameworksBuildPhase;
			buildActionMask = 2147483647;
			files = (
				1FD2106418CAAE80006B7B4C /* CoreGraphics.framework in Frameworks */,
				1FD2106618CAAE80006B7B4C /* UIKit.framework in Frameworks */,
				1FD2106218CAAE80006B7B4C /* Foundation.framework in Frameworks */,
				0E6E9E73AA7945A9BF24A7FD /* libPods.a in Frameworks */,
			);
			runOnlyForDeploymentPostprocessing = 0;
		};
		1FD2107C18CAAE80006B7B4C /* Frameworks */ = {
			isa = PBXFrameworksBuildPhase;
			buildActionMask = 2147483647;
			files = (
				1FD2108118CAAE80006B7B4C /* XCTest.framework in Frameworks */,
				1FD2108318CAAE80006B7B4C /* UIKit.framework in Frameworks */,
				1FD2108218CAAE80006B7B4C /* Foundation.framework in Frameworks */,
			);
			runOnlyForDeploymentPostprocessing = 0;
		};
/* End PBXFrameworksBuildPhase section */

/* Begin PBXGroup section */
		1F95C1C718D5E646005279D4 /* Core Data Model */ = {
			isa = PBXGroup;
			children = (
				1F95C1CE18D5E89A005279D4 /* Feed+Create.h */,
				1F95C1CF18D5E89A005279D4 /* Feed+Create.m */,
				1F95C1D118D5F0DA005279D4 /* Story+Create.h */,
				1F95C1D218D5F0DA005279D4 /* Story+Create.m */,
				1F95C1BE18D5E4D7005279D4 /* RSSReader.xcdatamodeld */,
				956E051718F8C6D800253B40 /* Story.h */,
				956E051818F8C6D800253B40 /* Story.m */,
				956E051418F8C6D700253B40 /* Feed.h */,
				956E051518F8C6D700253B40 /* Feed.m */,
				9586AE7518F43D4C00942D6A /* RSSImageToDataTransformer.h */,
				9586AE7618F43D4C00942D6A /* RSSImageToDataTransformer.m */,
			);
			name = "Core Data Model";
			sourceTree = "<group>";
		};
		1FD2105518CAAE80006B7B4C = {
			isa = PBXGroup;
			children = (
				1FD2106718CAAE80006B7B4C /* RSSReader */,
				1FD2108618CAAE81006B7B4C /* RSSReaderTests */,
				1FD2106018CAAE80006B7B4C /* Frameworks */,
				1FD2105F18CAAE80006B7B4C /* Products */,
				515676B71AC0466D9C2E862D /* Pods.xcconfig */,
			);
			sourceTree = "<group>";
		};
		1FD2105F18CAAE80006B7B4C /* Products */ = {
			isa = PBXGroup;
			children = (
				1FD2105E18CAAE80006B7B4C /* RSSReader.app */,
				1FD2107F18CAAE80006B7B4C /* RSSReaderTests.xctest */,
			);
			name = Products;
			sourceTree = "<group>";
		};
		1FD2106018CAAE80006B7B4C /* Frameworks */ = {
			isa = PBXGroup;
			children = (
				1FD2106118CAAE80006B7B4C /* Foundation.framework */,
				1FD2106318CAAE80006B7B4C /* CoreGraphics.framework */,
				1FD2106518CAAE80006B7B4C /* UIKit.framework */,
				1FD2108018CAAE80006B7B4C /* XCTest.framework */,
				77EDF277B28C486DA5ABEFA2 /* libPods.a */,
			);
			name = Frameworks;
			sourceTree = "<group>";
		};
		1FD2106718CAAE80006B7B4C /* RSSReader */ = {
			isa = PBXGroup;
			children = (
				1FD210A818CB1258006B7B4C /* Controller */,
				1F95C1C718D5E646005279D4 /* Core Data Model */,
				1FD2107918CAAE80006B7B4C /* Images.xcassets */,
				1FD2107318CAAE80006B7B4C /* Main.storyboard */,
				1FD2107018CAAE80006B7B4C /* RSSAppDelegate.h */,
				1FD2107118CAAE80006B7B4C /* RSSAppDelegate.m */,
				956E051118F8AA8C00253B40 /* RSSFeedParser.h */,
				956E051218F8AA8C00253B40 /* RSSFeedParser.m */,
				956E051A18F8DF6500253B40 /* RSSFeedFetcher.h */,
				956E051B18F8DF6500253B40 /* RSSFeedFetcher.m */,
				1FD2106818CAAE80006B7B4C /* Supporting Files */,
			);
			path = RSSReader;
			sourceTree = "<group>";
		};
		1FD2106818CAAE80006B7B4C /* Supporting Files */ = {
			isa = PBXGroup;
			children = (
				1FD2106918CAAE80006B7B4C /* RSSReader-Info.plist */,
				1FD2106A18CAAE80006B7B4C /* InfoPlist.strings */,
				1FD2106D18CAAE80006B7B4C /* main.m */,
				1FD2106F18CAAE80006B7B4C /* RSSReader-Prefix.pch */,
			);
			name = "Supporting Files";
			sourceTree = "<group>";
		};
		1FD2108618CAAE81006B7B4C /* RSSReaderTests */ = {
			isa = PBXGroup;
			children = (
				1FD2108C18CAAE81006B7B4C /* RSSReaderTests.m */,
				1FD2108718CAAE81006B7B4C /* Supporting Files */,
			);
			path = RSSReaderTests;
			sourceTree = "<group>";
		};
		1FD2108718CAAE81006B7B4C /* Supporting Files */ = {
			isa = PBXGroup;
			children = (
				1FD2108818CAAE81006B7B4C /* RSSReaderTests-Info.plist */,
				1FD2108918CAAE81006B7B4C /* InfoPlist.strings */,
			);
			name = "Supporting Files";
			sourceTree = "<group>";
		};
		1FD210A818CB1258006B7B4C /* Controller */ = {
			isa = PBXGroup;
			children = (
				1F95C1D418D887FC005279D4 /* CoreDataTableViewController.h */,
				1F95C1D518D887FC005279D4 /* CoreDataTableViewController.m */,
				1FD210A518CAEE1F006B7B4C /* RSSAddFeedViewController.h */,
				1FD210A618CAEE1F006B7B4C /* RSSAddFeedViewController.m */,
				1FD2109918CAB15A006B7B4C /* RSSStoryListViewController.h */,
				1FD2109A18CAB15A006B7B4C /* RSSStoryListViewController.m */,
				1FD2109618CAAF19006B7B4C /* RSSFeedListViewController.h */,
				1FD2109718CAAF19006B7B4C /* RSSFeedListViewController.m */,
				1FD210A218CAE680006B7B4C /* RSSStoryWebViewController.h */,
				1FD210A318CAE680006B7B4C /* RSSStoryWebViewController.m */,
				95966E0F18EFABEB00D66B1D /* UINavigationWithProgressViewController.h */,
				95966E1018EFABEB00D66B1D /* UINavigationWithProgressViewController.m */,
				1FA7AB6618E81AE400891861 /* RSSStoryListCell.h */,
				1FA7AB6718E81AE400891861 /* RSSStoryListCell.m */,
				956E052018F8E6EB00253B40 /* RSSViewUtilites.h */,
				956E052118F8E6EB00253B40 /* RSSViewUtilites.m */,
			);
			name = Controller;
			sourceTree = "<group>";
		};
/* End PBXGroup section */

/* Begin PBXNativeTarget section */
		1FD2105D18CAAE80006B7B4C /* RSSReader */ = {
			isa = PBXNativeTarget;
			buildConfigurationList = 1FD2109018CAAE81006B7B4C /* Build configuration list for PBXNativeTarget "RSSReader" */;
			buildPhases = (
				ADD65F257E1548E69EC8EF1A /* Check Pods Manifest.lock */,
				1FD2105A18CAAE80006B7B4C /* Sources */,
				1FD2105B18CAAE80006B7B4C /* Frameworks */,
				1FD2105C18CAAE80006B7B4C /* Resources */,
				F355276597994884B450D145 /* Copy Pods Resources */,
			);
			buildRules = (
			);
			dependencies = (
			);
			name = RSSReader;
			productName = RSSReader;
			productReference = 1FD2105E18CAAE80006B7B4C /* RSSReader.app */;
			productType = "com.apple.product-type.application";
		};
		1FD2107E18CAAE80006B7B4C /* RSSReaderTests */ = {
			isa = PBXNativeTarget;
			buildConfigurationList = 1FD2109318CAAE81006B7B4C /* Build configuration list for PBXNativeTarget "RSSReaderTests" */;
			buildPhases = (
				1FD2107B18CAAE80006B7B4C /* Sources */,
				1FD2107C18CAAE80006B7B4C /* Frameworks */,
				1FD2107D18CAAE80006B7B4C /* Resources */,
			);
			buildRules = (
			);
			dependencies = (
				1FD2108518CAAE80006B7B4C /* PBXTargetDependency */,
			);
			name = RSSReaderTests;
			productName = RSSReaderTests;
			productReference = 1FD2107F18CAAE80006B7B4C /* RSSReaderTests.xctest */;
			productType = "com.apple.product-type.bundle.unit-test";
		};
/* End PBXNativeTarget section */

/* Begin PBXProject section */
		1FD2105618CAAE80006B7B4C /* Project object */ = {
			isa = PBXProject;
			attributes = {
				CLASSPREFIX = RSS;
				LastUpgradeCheck = 0510;
				ORGANIZATIONNAME = Coremail;
				TargetAttributes = {
					1FD2105D18CAAE80006B7B4C = {
						DevelopmentTeam = GHZSG5U6EB;
					};
					1FD2107E18CAAE80006B7B4C = {
						TestTargetID = 1FD2105D18CAAE80006B7B4C;
					};
				};
			};
			buildConfigurationList = 1FD2105918CAAE80006B7B4C /* Build configuration list for PBXProject "RSSReader" */;
			compatibilityVersion = "Xcode 3.2";
			developmentRegion = English;
			hasScannedForEncodings = 0;
			knownRegions = (
				en,
				Base,
			);
			mainGroup = 1FD2105518CAAE80006B7B4C;
			productRefGroup = 1FD2105F18CAAE80006B7B4C /* Products */;
			projectDirPath = "";
			projectRoot = "";
			targets = (
				1FD2105D18CAAE80006B7B4C /* RSSReader */,
				1FD2107E18CAAE80006B7B4C /* RSSReaderTests */,
			);
		};
/* End PBXProject section */

/* Begin PBXResourcesBuildPhase section */
		1FD2105C18CAAE80006B7B4C /* Resources */ = {
			isa = PBXResourcesBuildPhase;
			buildActionMask = 2147483647;
			files = (
				1FD2107A18CAAE80006B7B4C /* Images.xcassets in Resources */,
				1FD2106C18CAAE80006B7B4C /* InfoPlist.strings in Resources */,
				1FD2107518CAAE80006B7B4C /* Main.storyboard in Resources */,
			);
			runOnlyForDeploymentPostprocessing = 0;
		};
		1FD2107D18CAAE80006B7B4C /* Resources */ = {
			isa = PBXResourcesBuildPhase;
			buildActionMask = 2147483647;
			files = (
				1FD2108B18CAAE81006B7B4C /* InfoPlist.strings in Resources */,
			);
			runOnlyForDeploymentPostprocessing = 0;
		};
/* End PBXResourcesBuildPhase section */

/* Begin PBXShellScriptBuildPhase section */
		ADD65F257E1548E69EC8EF1A /* Check Pods Manifest.lock */ = {
			isa = PBXShellScriptBuildPhase;
			buildActionMask = 2147483647;
			files = (
			);
			inputPaths = (
			);
			name = "Check Pods Manifest.lock";
			outputPaths = (
			);
			runOnlyForDeploymentPostprocessing = 0;
			shellPath = /bin/sh;
			shellScript = "diff \"${PODS_ROOT}/../Podfile.lock\" \"${PODS_ROOT}/Manifest.lock\" > /dev/null\nif [[ $? != 0 ]] ; then\n    cat << EOM\nerror: The sandbox is not in sync with the Podfile.lock. Run 'pod install' or update your CocoaPods installation.\nEOM\n    exit 1\nfi\n";
			showEnvVarsInLog = 0;
		};
		F355276597994884B450D145 /* Copy Pods Resources */ = {
			isa = PBXShellScriptBuildPhase;
			buildActionMask = 2147483647;
			files = (
			);
			inputPaths = (
			);
			name = "Copy Pods Resources";
			outputPaths = (
			);
			runOnlyForDeploymentPostprocessing = 0;
			shellPath = /bin/sh;
			shellScript = "\"${SRCROOT}/Pods/Pods-resources.sh\"\n";
			showEnvVarsInLog = 0;
		};
/* End PBXShellScriptBuildPhase section */

/* Begin PBXSourcesBuildPhase section */
		1FD2105A18CAAE80006B7B4C /* Sources */ = {
			isa = PBXSourcesBuildPhase;
			buildActionMask = 2147483647;
			files = (
				1FD2106E18CAAE80006B7B4C /* main.m in Sources */,
				1F95C1C018D5E4D7005279D4 /* RSSReader.xcdatamodeld in Sources */,
				956E052218F8E6EB00253B40 /* RSSViewUtilites.m in Sources */,
				1FA7AB6818E81AE400891861 /* RSSStoryListCell.m in Sources */,
				956E051918F8C6D800253B40 /* Story.m in Sources */,
				956E051618F8C6D700253B40 /* Feed.m in Sources */,
				956E051C18F8DF6500253B40 /* RSSFeedFetcher.m in Sources */,
				1FD2109B18CAB15A006B7B4C /* RSSStoryListViewController.m in Sources */,
				1FD2107218CAAE80006B7B4C /* RSSAppDelegate.m in Sources */,
				1FD2109818CAAF19006B7B4C /* RSSFeedListViewController.m in Sources */,
				9586AE7718F43D4C00942D6A /* RSSImageToDataTransformer.m in Sources */,
				1F95C1D318D5F0DA005279D4 /* Story+Create.m in Sources */,
				1F95C1D018D5E89A005279D4 /* Feed+Create.m in Sources */,
				1FD210A718CAEE1F006B7B4C /* RSSAddFeedViewController.m in Sources */,
				1FD210A418CAE680006B7B4C /* RSSStoryWebViewController.m in Sources */,
				956E051318F8AA8C00253B40 /* RSSFeedParser.m in Sources */,
				95966E1118EFABEB00D66B1D /* UINavigationWithProgressViewController.m in Sources */,
				1F95C1D618D887FC005279D4 /* CoreDataTableViewController.m in Sources */,
			);
			runOnlyForDeploymentPostprocessing = 0;
		};
		1FD2107B18CAAE80006B7B4C /* Sources */ = {
			isa = PBXSourcesBuildPhase;
			buildActionMask = 2147483647;
			files = (
				1FD2108D18CAAE81006B7B4C /* RSSReaderTests.m in Sources */,
			);
			runOnlyForDeploymentPostprocessing = 0;
		};
/* End PBXSourcesBuildPhase section */

/* Begin PBXTargetDependency section */
		1FD2108518CAAE80006B7B4C /* PBXTargetDependency */ = {
			isa = PBXTargetDependency;
			target = 1FD2105D18CAAE80006B7B4C /* RSSReader */;
			targetProxy = 1FD2108418CAAE80006B7B4C /* PBXContainerItemProxy */;
		};
/* End PBXTargetDependency section */

/* Begin PBXVariantGroup section */
		1FD2106A18CAAE80006B7B4C /* InfoPlist.strings */ = {
			isa = PBXVariantGroup;
			children = (
				1FD2106B18CAAE80006B7B4C /* en */,
			);
			name = InfoPlist.strings;
			sourceTree = "<group>";
		};
		1FD2107318CAAE80006B7B4C /* Main.storyboard */ = {
			isa = PBXVariantGroup;
			children = (
				1FD2107418CAAE80006B7B4C /* Base */,
			);
			name = Main.storyboard;
			sourceTree = "<group>";
		};
		1FD2108918CAAE81006B7B4C /* InfoPlist.strings */ = {
			isa = PBXVariantGroup;
			children = (
				1FD2108A18CAAE81006B7B4C /* en */,
			);
			name = InfoPlist.strings;
			sourceTree = "<group>";
		};
/* End PBXVariantGroup section */

/* Begin XCBuildConfiguration section */
		1FD2108E18CAAE81006B7B4C /* Debug */ = {
			isa = XCBuildConfiguration;
			buildSettings = {
				ALWAYS_SEARCH_USER_PATHS = NO;
				CLANG_CXX_LANGUAGE_STANDARD = "gnu++0x";
				CLANG_CXX_LIBRARY = "libc++";
				CLANG_ENABLE_MODULES = YES;
				CLANG_ENABLE_OBJC_ARC = YES;
				CLANG_WARN_BOOL_CONVERSION = YES;
				CLANG_WARN_CONSTANT_CONVERSION = YES;
				CLANG_WARN_DIRECT_OBJC_ISA_USAGE = YES_ERROR;
				CLANG_WARN_EMPTY_BODY = YES;
				CLANG_WARN_ENUM_CONVERSION = YES;
				CLANG_WARN_INT_CONVERSION = YES;
				CLANG_WARN_OBJC_ROOT_CLASS = YES_ERROR;
				CLANG_WARN__DUPLICATE_METHOD_MATCH = YES;
				"CODE_SIGN_IDENTITY[sdk=iphoneos*]" = "iPhone Developer";
				COPY_PHASE_STRIP = NO;
				GCC_C_LANGUAGE_STANDARD = gnu99;
				GCC_DYNAMIC_NO_PIC = NO;
				GCC_OPTIMIZATION_LEVEL = 0;
				GCC_PREPROCESSOR_DEFINITIONS = (
					"DEBUG=1",
					"$(inherited)",
				);
				GCC_SYMBOLS_PRIVATE_EXTERN = NO;
				GCC_WARN_64_TO_32_BIT_CONVERSION = YES;
				GCC_WARN_ABOUT_RETURN_TYPE = YES_ERROR;
				GCC_WARN_UNDECLARED_SELECTOR = YES;
				GCC_WARN_UNINITIALIZED_AUTOS = YES;
				GCC_WARN_UNUSED_FUNCTION = YES;
				GCC_WARN_UNUSED_VARIABLE = YES;
				IPHONEOS_DEPLOYMENT_TARGET = 7.0;
				ONLY_ACTIVE_ARCH = YES;
				SDKROOT = iphoneos;
			};
			name = Debug;
		};
		1FD2108F18CAAE81006B7B4C /* Release */ = {
			isa = XCBuildConfiguration;
			buildSettings = {
				ALWAYS_SEARCH_USER_PATHS = NO;
				CLANG_CXX_LANGUAGE_STANDARD = "gnu++0x";
				CLANG_CXX_LIBRARY = "libc++";
				CLANG_ENABLE_MODULES = YES;
				CLANG_ENABLE_OBJC_ARC = YES;
				CLANG_WARN_BOOL_CONVERSION = YES;
				CLANG_WARN_CONSTANT_CONVERSION = YES;
				CLANG_WARN_DIRECT_OBJC_ISA_USAGE = YES_ERROR;
				CLANG_WARN_EMPTY_BODY = YES;
				CLANG_WARN_ENUM_CONVERSION = YES;
				CLANG_WARN_INT_CONVERSION = YES;
				CLANG_WARN_OBJC_ROOT_CLASS = YES_ERROR;
				CLANG_WARN__DUPLICATE_METHOD_MATCH = YES;
				"CODE_SIGN_IDENTITY[sdk=iphoneos*]" = "iPhone Developer";
				COPY_PHASE_STRIP = YES;
				ENABLE_NS_ASSERTIONS = NO;
				GCC_C_LANGUAGE_STANDARD = gnu99;
				GCC_WARN_64_TO_32_BIT_CONVERSION = YES;
				GCC_WARN_ABOUT_RETURN_TYPE = YES_ERROR;
				GCC_WARN_UNDECLARED_SELECTOR = YES;
				GCC_WARN_UNINITIALIZED_AUTOS = YES;
				GCC_WARN_UNUSED_FUNCTION = YES;
				GCC_WARN_UNUSED_VARIABLE = YES;
				IPHONEOS_DEPLOYMENT_TARGET = 7.0;
				SDKROOT = iphoneos;
				VALIDATE_PRODUCT = YES;
			};
			name = Release;
		};
		1FD2109118CAAE81006B7B4C /* Debug */ = {
			isa = XCBuildConfiguration;
			baseConfigurationReference = 515676B71AC0466D9C2E862D /* Pods.xcconfig */;
			buildSettings = {
				ASSETCATALOG_COMPILER_APPICON_NAME = AppIcon;
				ASSETCATALOG_COMPILER_LAUNCHIMAGE_NAME = LaunchImage;
				CODE_SIGN_IDENTITY = "iPhone Developer";
				"CODE_SIGN_IDENTITY[sdk=iphoneos*]" = "iPhone Developer";
				GCC_PRECOMPILE_PREFIX_HEADER = YES;
				GCC_PREFIX_HEADER = "RSSReader/RSSReader-Prefix.pch";
				INFOPLIST_FILE = "RSSReader/RSSReader-Info.plist";
				PRODUCT_NAME = "$(TARGET_NAME)";
				PROVISIONING_PROFILE = "";
				WRAPPER_EXTENSION = app;
			};
			name = Debug;
		};
		1FD2109218CAAE81006B7B4C /* Release */ = {
			isa = XCBuildConfiguration;
			baseConfigurationReference = 515676B71AC0466D9C2E862D /* Pods.xcconfig */;
			buildSettings = {
				ASSETCATALOG_COMPILER_APPICON_NAME = AppIcon;
				ASSETCATALOG_COMPILER_LAUNCHIMAGE_NAME = LaunchImage;
				CODE_SIGN_IDENTITY = "iPhone Developer";
				"CODE_SIGN_IDENTITY[sdk=iphoneos*]" = "iPhone Developer";
				GCC_PRECOMPILE_PREFIX_HEADER = YES;
				GCC_PREFIX_HEADER = "RSSReader/RSSReader-Prefix.pch";
				INFOPLIST_FILE = "RSSReader/RSSReader-Info.plist";
				PRODUCT_NAME = "$(TARGET_NAME)";
				PROVISIONING_PROFILE = "";
				WRAPPER_EXTENSION = app;
			};
			name = Release;
		};
		1FD2109418CAAE81006B7B4C /* Debug */ = {
			isa = XCBuildConfiguration;
			buildSettings = {
				BUNDLE_LOADER = "$(BUILT_PRODUCTS_DIR)/RSSReader.app/RSSReader";
				FRAMEWORK_SEARCH_PATHS = (
					"$(SDKROOT)/Developer/Library/Frameworks",
					"$(inherited)",
					"$(DEVELOPER_FRAMEWORKS_DIR)",
				);
				GCC_PRECOMPILE_PREFIX_HEADER = YES;
				GCC_PREFIX_HEADER = "RSSReader/RSSReader-Prefix.pch";
				GCC_PREPROCESSOR_DEFINITIONS = (
					"DEBUG=1",
					"$(inherited)",
				);
				INFOPLIST_FILE = "RSSReaderTests/RSSReaderTests-Info.plist";
				PRODUCT_NAME = "$(TARGET_NAME)";
				TEST_HOST = "$(BUNDLE_LOADER)";
				WRAPPER_EXTENSION = xctest;
			};
			name = Debug;
		};
		1FD2109518CAAE81006B7B4C /* Release */ = {
			isa = XCBuildConfiguration;
			buildSettings = {
				BUNDLE_LOADER = "$(BUILT_PRODUCTS_DIR)/RSSReader.app/RSSReader";
				FRAMEWORK_SEARCH_PATHS = (
					"$(SDKROOT)/Developer/Library/Frameworks",
					"$(inherited)",
					"$(DEVELOPER_FRAMEWORKS_DIR)",
				);
				GCC_PRECOMPILE_PREFIX_HEADER = YES;
				GCC_PREFIX_HEADER = "RSSReader/RSSReader-Prefix.pch";
				INFOPLIST_FILE = "RSSReaderTests/RSSReaderTests-Info.plist";
				PRODUCT_NAME = "$(TARGET_NAME)";
				TEST_HOST = "$(BUNDLE_LOADER)";
				WRAPPER_EXTENSION = xctest;
			};
			name = Release;
		};
/* End XCBuildConfiguration section */

/* Begin XCConfigurationList section */
		1FD2105918CAAE80006B7B4C /* Build configuration list for PBXProject "RSSReader" */ = {
			isa = XCConfigurationList;
			buildConfigurations = (
				1FD2108E18CAAE81006B7B4C /* Debug */,
				1FD2108F18CAAE81006B7B4C /* Release */,
			);
			defaultConfigurationIsVisible = 0;
			defaultConfigurationName = Release;
		};
		1FD2109018CAAE81006B7B4C /* Build configuration list for PBXNativeTarget "RSSReader" */ = {
			isa = XCConfigurationList;
			buildConfigurations = (
				1FD2109118CAAE81006B7B4C /* Debug */,
				1FD2109218CAAE81006B7B4C /* Release */,
			);
			defaultConfigurationIsVisible = 0;
			defaultConfigurationName = Release;
		};
		1FD2109318CAAE81006B7B4C /* Build configuration list for PBXNativeTarget "RSSReaderTests" */ = {
			isa = XCConfigurationList;
			buildConfigurations = (
				1FD2109418CAAE81006B7B4C /* Debug */,
				1FD2109518CAAE81006B7B4C /* Release */,
			);
			defaultConfigurationIsVisible = 0;
			defaultConfigurationName = Release;
		};
/* End XCConfigurationList section */

/* Begin XCVersionGroup section */
		1F95C1BE18D5E4D7005279D4 /* RSSReader.xcdatamodeld */ = {
			isa = XCVersionGroup;
			children = (
				1F95C1BF18D5E4D7005279D4 /* RSSReader.xcdatamodel */,
			);
			currentVersion = 1F95C1BF18D5E4D7005279D4 /* RSSReader.xcdatamodel */;
			path = RSSReader.xcdatamodeld;
			sourceTree = "<group>";
			versionGroupType = wrapper.xcdatamodel;
		};
/* End XCVersionGroup section */
	};
	rootObject = 1FD2105618CAAE80006B7B4C /* Project object */;
}
